// !$*UTF8*$!
{
	archiveVersion = 1;
	classes = {
	};
	objectVersion = 46;
	objects = {

/* Begin PBXBuildFile section */
		7CE5030D19EC96DD002EA6EA /* main.m in Sources */ = {isa = PBXBuildFile; fileRef = 7CE5030C19EC96DD002EA6EA /* main.m */; };
		7CE5031019EC96DD002EA6EA /* AppDelegate.m in Sources */ = {isa = PBXBuildFile; fileRef = 7CE5030F19EC96DD002EA6EA /* AppDelegate.m */; };
		7CE5031319EC96DD002EA6EA /* ViewController.m in Sources */ = {isa = PBXBuildFile; fileRef = 7CE5031219EC96DD002EA6EA /* ViewController.m */; };
		7CE5031619EC96DD002EA6EA /* Main.storyboard in Resources */ = {isa = PBXBuildFile; fileRef = 7CE5031419EC96DD002EA6EA /* Main.storyboard */; };
		7CE5031819EC96DD002EA6EA /* Images.xcassets in Resources */ = {isa = PBXBuildFile; fileRef = 7CE5031719EC96DD002EA6EA /* Images.xcassets */; };
		7CE5031B19EC96DE002EA6EA /* LaunchScreen.xib in Resources */ = {isa = PBXBuildFile; fileRef = 7CE5031919EC96DE002EA6EA /* LaunchScreen.xib */; };
		7CE5032719EC96DE002EA6EA /* GravarTocarAudioTests.m in Sources */ = {isa = PBXBuildFile; fileRef = 7CE5032619EC96DE002EA6EA /* GravarTocarAudioTests.m */; };
		7CE5033119EC96EF002EA6EA /* AVFoundation.framework in Frameworks */ = {isa = PBXBuildFile; fileRef = 7CE5033019EC96EF002EA6EA /* AVFoundation.framework */; };
		7CE5033319ED8BD1002EA6EA /* speaker.png in Resources */ = {isa = PBXBuildFile; fileRef = 7CE5033219ED8BD1002EA6EA /* speaker.png */; };
		7CE5033919ED99D9002EA6EA /* avioes01.mp3 in Resources */ = {isa = PBXBuildFile; fileRef = 7CE5033819ED99D9002EA6EA /* avioes01.mp3 */; };
/* End PBXBuildFile section */

/* Begin PBXContainerItemProxy section */
		7CE5032119EC96DE002EA6EA /* PBXContainerItemProxy */ = {
			isa = PBXContainerItemProxy;
			containerPortal = 7CE502FF19EC96DD002EA6EA /* Project object */;
			proxyType = 1;
			remoteGlobalIDString = 7CE5030619EC96DD002EA6EA;
			remoteInfo = GravarTocarAudio;
		};
/* End PBXContainerItemProxy section */

/* Begin PBXFileReference section */
		7CE5030719EC96DD002EA6EA /* GravarTocarAudio.app */ = {isa = PBXFileReference; explicitFileType = wrapper.application; includeInIndex = 0; path = GravarTocarAudio.app; sourceTree = BUILT_PRODUCTS_DIR; };
		7CE5030B19EC96DD002EA6EA /* Info.plist */ = {isa = PBXFileReference; lastKnownFileType = text.plist.xml; path = Info.plist; sourceTree = "<group>"; };
		7CE5030C19EC96DD002EA6EA /* main.m */ = {isa = PBXFileReference; lastKnownFileType = sourcecode.c.objc; path = main.m; sourceTree = "<group>"; };
		7CE5030E19EC96DD002EA6EA /* AppDelegate.h */ = {isa = PBXFileReference; lastKnownFileType = sourcecode.c.h; path = AppDelegate.h; sourceTree = "<group>"; };
		7CE5030F19EC96DD002EA6EA /* AppDelegate.m */ = {isa = PBXFileReference; lastKnownFileType = sourcecode.c.objc; path = AppDelegate.m; sourceTree = "<group>"; };
		7CE5031119EC96DD002EA6EA /* ViewController.h */ = {isa = PBXFileReference; lastKnownFileType = sourcecode.c.h; path = ViewController.h; sourceTree = "<group>"; };
		7CE5031219EC96DD002EA6EA /* ViewController.m */ = {isa = PBXFileReference; lastKnownFileType = sourcecode.c.objc; path = ViewController.m; sourceTree = "<group>"; };
		7CE5031519EC96DD002EA6EA /* Base */ = {isa = PBXFileReference; lastKnownFileType = file.storyboard; name = Base; path = Base.lproj/Main.storyboard; sourceTree = "<group>"; };
		7CE5031719EC96DD002EA6EA /* Images.xcassets */ = {isa = PBXFileReference; lastKnownFileType = folder.assetcatalog; path = Images.xcassets; sourceTree = "<group>"; };
		7CE5031A19EC96DE002EA6EA /* Base */ = {isa = PBXFileReference; lastKnownFileType = file.xib; name = Base; path = Base.lproj/LaunchScreen.xib; sourceTree = "<group>"; };
		7CE5032019EC96DE002EA6EA /* GravarTocarAudioTests.xctest */ = {isa = PBXFileReference; explicitFileType = wrapper.cfbundle; includeInIndex = 0; path = GravarTocarAudioTests.xctest; sourceTree = BUILT_PRODUCTS_DIR; };
		7CE5032519EC96DE002EA6EA /* Info.plist */ = {isa = PBXFileReference; lastKnownFileType = text.plist.xml; path = Info.plist; sourceTree = "<group>"; };
		7CE5032619EC96DE002EA6EA /* GravarTocarAudioTests.m */ = {isa = PBXFileReference; lastKnownFileType = sourcecode.c.objc; path = GravarTocarAudioTests.m; sourceTree = "<group>"; };
		7CE5033019EC96EF002EA6EA /* AVFoundation.framework */ = {isa = PBXFileReference; lastKnownFileType = wrapper.framework; name = AVFoundation.framework; path = System/Library/Frameworks/AVFoundation.framework; sourceTree = SDKROOT; };
		7CE5033219ED8BD1002EA6EA /* speaker.png */ = {isa = PBXFileReference; lastKnownFileType = image.png; name = speaker.png; path = "../../../../../../Backups/Backups Igor/Backup PC Igor/Cursos/Informatica/Iphone/Modulo 3/aulas_recentes/aula_01/speaker.png"; sourceTree = "<group>"; };
		7CE5033819ED99D9002EA6EA /* avioes01.mp3 */ = {isa = PBXFileReference; lastKnownFileType = audio.mp3; path = avioes01.mp3; sourceTree = "<group>"; };
/* End PBXFileReference section */

/* Begin PBXFrameworksBuildPhase section */
		7CE5030419EC96DD002EA6EA /* Frameworks */ = {
			isa = PBXFrameworksBuildPhase;
			buildActionMask = 2147483647;
			files = (
				7CE5033119EC96EF002EA6EA /* AVFoundation.framework in Frameworks */,
			);
			runOnlyForDeploymentPostprocessing = 0;
		};
		7CE5031D19EC96DE002EA6EA /* Frameworks */ = {
			isa = PBXFrameworksBuildPhase;
			buildActionMask = 2147483647;
			files = (
			);
			runOnlyForDeploymentPostprocessing = 0;
		};
/* End PBXFrameworksBuildPhase section */

/* Begin PBXGroup section */
		7CE502FE19EC96DD002EA6EA = {
			isa = PBXGroup;
			children = (
				7CE5033819ED99D9002EA6EA /* avioes01.mp3 */,
				7CE5033219ED8BD1002EA6EA /* speaker.png */,
				7CE5033019EC96EF002EA6EA /* AVFoundation.framework */,
				7CE5030919EC96DD002EA6EA /* GravarTocarAudio */,
				7CE5032319EC96DE002EA6EA /* GravarTocarAudioTests */,
				7CE5030819EC96DD002EA6EA /* Products */,
			);
			sourceTree = "<group>";
		};
		7CE5030819EC96DD002EA6EA /* Products */ = {
			isa = PBXGroup;
			children = (
				7CE5030719EC96DD002EA6EA /* GravarTocarAudio.app */,
				7CE5032019EC96DE002EA6EA /* GravarTocarAudioTests.xctest */,
			);
			name = Products;
			sourceTree = "<group>";
		};
		7CE5030919EC96DD002EA6EA /* GravarTocarAudio */ = {
			isa = PBXGroup;
			children = (
				7CE5030E19EC96DD002EA6EA /* AppDelegate.h */,
				7CE5030F19EC96DD002EA6EA /* AppDelegate.m */,
				7CE5031119EC96DD002EA6EA /* ViewController.h */,
				7CE5031219EC96DD002EA6EA /* ViewController.m */,
				7CE5031419EC96DD002EA6EA /* Main.storyboard */,
				7CE5031719EC96DD002EA6EA /* Images.xcassets */,
				7CE5031919EC96DE002EA6EA /* LaunchScreen.xib */,
				7CE5030A19EC96DD002EA6EA /* Supporting Files */,
			);
			path = GravarTocarAudio;
			sourceTree = "<group>";
		};
		7CE5030A19EC96DD002EA6EA /* Supporting Files */ = {
			isa = PBXGroup;
			children = (
				7CE5030B19EC96DD002EA6EA /* Info.plist */,
				7CE5030C19EC96DD002EA6EA /* main.m */,
			);
			name = "Supporting Files";
			sourceTree = "<group>";
		};
		7CE5032319EC96DE002EA6EA /* GravarTocarAudioTests */ = {
			isa = PBXGroup;
			children = (
				7CE5032619EC96DE002EA6EA /* GravarTocarAudioTests.m */,
				7CE5032419EC96DE002EA6EA /* Supporting Files */,
			);
			path = GravarTocarAudioTests;
			sourceTree = "<group>";
		};
		7CE5032419EC96DE002EA6EA /* Supporting Files */ = {
			isa = PBXGroup;
			children = (
				7CE5032519EC96DE002EA6EA /* Info.plist */,
			);
			name = "Supporting Files";
			sourceTree = "<group>";
		};
/* End PBXGroup section */

/* Begin PBXNativeTarget section */
		7CE5030619EC96DD002EA6EA /* GravarTocarAudio */ = {
			isa = PBXNativeTarget;
			buildConfigurationList = 7CE5032A19EC96DE002EA6EA /* Build configuration list for PBXNativeTarget "GravarTocarAudio" */;
			buildPhases = (
				7CE5030319EC96DD002EA6EA /* Sources */,
				7CE5030419EC96DD002EA6EA /* Frameworks */,
				7CE5030519EC96DD002EA6EA /* Resources */,
			);
			buildRules = (
			);
			dependencies = (
			);
			name = GravarTocarAudio;
			productName = GravarTocarAudio;
			productReference = 7CE5030719EC96DD002EA6EA /* GravarTocarAudio.app */;
			productType = "com.apple.product-type.application";
		};
		7CE5031F19EC96DE002EA6EA /* GravarTocarAudioTests */ = {
			isa = PBXNativeTarget;
			buildConfigurationList = 7CE5032D19EC96DE002EA6EA /* Build configuration list for PBXNativeTarget "GravarTocarAudioTests" */;
			buildPhases = (
				7CE5031C19EC96DE002EA6EA /* Sources */,
				7CE5031D19EC96DE002EA6EA /* Frameworks */,
				7CE5031E19EC96DE002EA6EA /* Resources */,
			);
			buildRules = (
			);
			dependencies = (
				7CE5032219EC96DE002EA6EA /* PBXTargetDependency */,
			);
			name = GravarTocarAudioTests;
			productName = GravarTocarAudioTests;
			productReference = 7CE5032019EC96DE002EA6EA /* GravarTocarAudioTests.xctest */;
			productType = "com.apple.product-type.bundle.unit-test";
		};
/* End PBXNativeTarget section */

/* Begin PBXProject section */
		7CE502FF19EC96DD002EA6EA /* Project object */ = {
			isa = PBXProject;
			attributes = {
				LastUpgradeCheck = 0600;
				ORGANIZATIONNAME = br.com.company;
				TargetAttributes = {
					7CE5030619EC96DD002EA6EA = {
						CreatedOnToolsVersion = 6.0.1;
					};
					7CE5031F19EC96DE002EA6EA = {
						CreatedOnToolsVersion = 6.0.1;
						TestTargetID = 7CE5030619EC96DD002EA6EA;
					};
				};
			};
			buildConfigurationList = 7CE5030219EC96DD002EA6EA /* Build configuration list for PBXProject "GravarTocarAudio" */;
			compatibilityVersion = "Xcode 3.2";
			developmentRegion = English;
			hasScannedForEncodings = 0;
			knownRegions = (
				en,
				Base,
			);
			mainGroup = 7CE502FE19EC96DD002EA6EA;
			productRefGroup = 7CE5030819EC96DD002EA6EA /* Products */;
			projectDirPath = "";
			projectRoot = "";
			targets = (
				7CE5030619EC96DD002EA6EA /* GravarTocarAudio */,
				7CE5031F19EC96DE002EA6EA /* GravarTocarAudioTests */,
			);
		};
/* End PBXProject section */

/* Begin PBXResourcesBuildPhase section */
		7CE5030519EC96DD002EA6EA /* Resources */ = {
			isa = PBXResourcesBuildPhase;
			buildActionMask = 2147483647;
			files = (
				7CE5031619EC96DD002EA6EA /* Main.storyboard in Resources */,
				7CE5033919ED99D9002EA6EA /* avioes01.mp3 in Resources */,
				7CE5033319ED8BD1002EA6EA /* speaker.png in Resources */,
				7CE5031B19EC96DE002EA6EA /* LaunchScreen.xib in Resources */,
				7CE5031819EC96DD002EA6EA /* Images.xcassets in Resources */,
			);
			runOnlyForDeploymentPostprocessing = 0;
		};
		7CE5031E19EC96DE002EA6EA /* Resources */ = {
			isa = PBXResourcesBuildPhase;
			buildActionMask = 2147483647;
			files = (
			);
			runOnlyForDeploymentPostprocessing = 0;
		};
/* End PBXResourcesBuildPhase section */

/* Begin PBXSourcesBuildPhase section */
		7CE5030319EC96DD002EA6EA /* Sources */ = {
			isa = PBXSourcesBuildPhase;
			buildActionMask = 2147483647;
			files = (
				7CE5031319EC96DD002EA6EA /* ViewController.m in Sources */,
				7CE5031019EC96DD002EA6EA /* AppDelegate.m in Sources */,
				7CE5030D19EC96DD002EA6EA /* main.m in Sources */,
			);
			runOnlyForDeploymentPostprocessing = 0;
		};
		7CE5031C19EC96DE002EA6EA /* Sources */ = {
			isa = PBXSourcesBuildPhase;
			buildActionMask = 2147483647;
			files = (
				7CE5032719EC96DE002EA6EA /* GravarTocarAudioTests.m in Sources */,
			);
			runOnlyForDeploymentPostprocessing = 0;
		};
/* End PBXSourcesBuildPhase section */

/* Begin PBXTargetDependency section */
		7CE5032219EC96DE002EA6EA /* PBXTargetDependency */ = {
			isa = PBXTargetDependency;
			target = 7CE5030619EC96DD002EA6EA /* GravarTocarAudio */;
			targetProxy = 7CE5032119EC96DE002EA6EA /* PBXContainerItemProxy */;
		};
/* End PBXTargetDependency section */

/* Begin PBXVariantGroup section */
		7CE5031419EC96DD002EA6EA /* Main.storyboard */ = {
			isa = PBXVariantGroup;
			children = (
				7CE5031519EC96DD002EA6EA /* Base */,
			);
			name = Main.storyboard;
			sourceTree = "<group>";
		};
		7CE5031919EC96DE002EA6EA /* LaunchScreen.xib */ = {
			isa = PBXVariantGroup;
			children = (
				7CE5031A19EC96DE002EA6EA /* Base */,
			);
			name = LaunchScreen.xib;
			sourceTree = "<group>";
		};
/* End PBXVariantGroup section */

/* Begin XCBuildConfiguration section */
		7CE5032819EC96DE002EA6EA /* Debug */ = {
			isa = XCBuildConfiguration;
			buildSettings = {
				ALWAYS_SEARCH_USER_PATHS = NO;
				CLANG_CXX_LANGUAGE_STANDARD = "gnu++0x";
				CLANG_CXX_LIBRARY = "libc++";
				CLANG_ENABLE_MODULES = YES;
				CLANG_ENABLE_OBJC_ARC = YES;
				CLANG_WARN_BOOL_CONVERSION = YES;
				CLANG_WARN_CONSTANT_CONVERSION = YES;
				CLANG_WARN_DIRECT_OBJC_ISA_USAGE = YES_ERROR;
				CLANG_WARN_EMPTY_BODY = YES;
				CLANG_WARN_ENUM_CONVERSION = YES;
				CLANG_WARN_INT_CONVERSION = YES;
				CLANG_WARN_OBJC_ROOT_CLASS = YES_ERROR;
				CLANG_WARN_UNREACHABLE_CODE = YES;
				CLANG_WARN__DUPLICATE_METHOD_MATCH = YES;
				"CODE_SIGN_IDENTITY[sdk=iphoneos*]" = "iPhone Developer";
				COPY_PHASE_STRIP = NO;
				ENABLE_STRICT_OBJC_MSGSEND = YES;
				GCC_C_LANGUAGE_STANDARD = gnu99;
				GCC_DYNAMIC_NO_PIC = NO;
				GCC_OPTIMIZATION_LEVEL = 0;
				GCC_PREPROCESSOR_DEFINITIONS = (
					"DEBUG=1",
					"$(inherited)",
				);
				GCC_SYMBOLS_PRIVATE_EXTERN = NO;
				GCC_WARN_64_TO_32_BIT_CONVERSION = YES;
				GCC_WARN_ABOUT_RETURN_TYPE = YES_ERROR;
				GCC_WARN_UNDECLARED_SELECTOR = YES;
				GCC_WARN_UNINITIALIZED_AUTOS = YES_AGGRESSIVE;
				GCC_WARN_UNUSED_FUNCTION = YES;
				GCC_WARN_UNUSED_VARIABLE = YES;
				IPHONEOS_DEPLOYMENT_TARGET = 8.0;
				MTL_ENABLE_DEBUG_INFO = YES;
				ONLY_ACTIVE_ARCH = YES;
				SDKROOT = iphoneos;
			};
			name = Debug;
		};
		7CE5032919EC96DE002EA6EA /* Release */ = {
			isa = XCBuildConfiguration;
			buildSettings = {
				ALWAYS_SEARCH_USER_PATHS = NO;
				CLANG_CXX_LANGUAGE_STANDARD = "gnu++0x";
				CLANG_CXX_LIBRARY = "libc++";
				CLANG_ENABLE_MODULES = YES;
				CLANG_ENABLE_OBJC_ARC = YES;
				CLANG_WARN_BOOL_CONVERSION = YES;
				CLANG_WARN_CONSTANT_CONVERSION = YES;
				CLANG_WARN_DIRECT_OBJC_ISA_USAGE = YES_ERROR;
				CLANG_WARN_EMPTY_BODY = YES;
				CLANG_WARN_ENUM_CONVERSION = YES;
				CLANG_WARN_INT_CONVERSION = YES;
				CLANG_WARN_OBJC_ROOT_CLASS = YES_ERROR;
				CLANG_WARN_UNREACHABLE_CODE = YES;
				CLANG_WARN__DUPLICATE_METHOD_MATCH = YES;
				"CODE_SIGN_IDENTITY[sdk=iphoneos*]" = "iPhone Developer";
				COPY_PHASE_STRIP = YES;
				ENABLE_NS_ASSERTIONS = NO;
				ENABLE_STRICT_OBJC_MSGSEND = YES;
				GCC_C_LANGUAGE_STANDARD = gnu99;
				GCC_WARN_64_TO_32_BIT_CONVERSION = YES;
				GCC_WARN_ABOUT_RETURN_TYPE = YES_ERROR;
				GCC_WARN_UNDECLARED_SELECTOR = YES;
				GCC_WARN_UNINITIALIZED_AUTOS = YES_AGGRESSIVE;
				GCC_WARN_UNUSED_FUNCTION = YES;
				GCC_WARN_UNUSED_VARIABLE = YES;
				IPHONEOS_DEPLOYMENT_TARGET = 8.0;
				MTL_ENABLE_DEBUG_INFO = NO;
				SDKROOT = iphoneos;
				VALIDATE_PRODUCT = YES;
			};
			name = Release;
		};
		7CE5032B19EC96DE002EA6EA /* Debug */ = {
			isa = XCBuildConfiguration;
			buildSettings = {
				ASSETCATALOG_COMPILER_APPICON_NAME = AppIcon;
				INFOPLIST_FILE = GravarTocarAudio/Info.plist;
				LD_RUNPATH_SEARCH_PATHS = "$(inherited) @executable_path/Frameworks";
				PRODUCT_NAME = "$(TARGET_NAME)";
			};
			name = Debug;
		};
		7CE5032C19EC96DE002EA6EA /* Release */ = {
			isa = XCBuildConfiguration;
			buildSettings = {
				ASSETCATALOG_COMPILER_APPICON_NAME = AppIcon;
				INFOPLIST_FILE = GravarTocarAudio/Info.plist;
				LD_RUNPATH_SEARCH_PATHS = "$(inherited) @executable_path/Frameworks";
				PRODUCT_NAME = "$(TARGET_NAME)";
			};
			name = Release;
		};
		7CE5032E19EC96DE002EA6EA /* Debug */ = {
			isa = XCBuildConfiguration;
			buildSettings = {
				BUNDLE_LOADER = "$(TEST_HOST)";
				FRAMEWORK_SEARCH_PATHS = (
					"$(SDKROOT)/Developer/Library/Frameworks",
					"$(inherited)",
				);
				GCC_PREPROCESSOR_DEFINITIONS = (
					"DEBUG=1",
					"$(inherited)",
				);
				INFOPLIST_FILE = GravarTocarAudioTests/Info.plist;
				LD_RUNPATH_SEARCH_PATHS = "$(inherited) @executable_path/Frameworks @loader_path/Frameworks";
				PRODUCT_NAME = "$(TARGET_NAME)";
				TEST_HOST = "$(BUILT_PRODUCTS_DIR)/GravarTocarAudio.app/GravarTocarAudio";
			};
			name = Debug;
		};
		7CE5032F19EC96DE002EA6EA /* Release */ = {
			isa = XCBuildConfiguration;
			buildSettings = {
				BUNDLE_LOADER = "$(TEST_HOST)";
				FRAMEWORK_SEARCH_PATHS = (
					"$(SDKROOT)/Developer/Library/Frameworks",
					"$(inherited)",
				);
				INFOPLIST_FILE = GravarTocarAudioTests/Info.plist;
				LD_RUNPATH_SEARCH_PATHS = "$(inherited) @executable_path/Frameworks @loader_path/Frameworks";
				PRODUCT_NAME = "$(TARGET_NAME)";
				TEST_HOST = "$(BUILT_PRODUCTS_DIR)/GravarTocarAudio.app/GravarTocarAudio";
			};
			name = Release;
		};
/* End XCBuildConfiguration section */

/* Begin XCConfigurationList section */
		7CE5030219EC96DD002EA6EA /* Build configuration list for PBXProject "GravarTocarAudio" */ = {
			isa = XCConfigurationList;
			buildConfigurations = (
				7CE5032819EC96DE002EA6EA /* Debug */,
				7CE5032919EC96DE002EA6EA /* Release */,
			);
			defaultConfigurationIsVisible = 0;
			defaultConfigurationName = Release;
		};
		7CE5032A19EC96DE002EA6EA /* Build configuration list for PBXNativeTarget "GravarTocarAudio" */ = {
			isa = XCConfigurationList;
			buildConfigurations = (
				7CE5032B19EC96DE002EA6EA /* Debug */,
				7CE5032C19EC96DE002EA6EA /* Release */,
			);
			defaultConfigurationIsVisible = 0;
			defaultConfigurationName = Release;
		};
		7CE5032D19EC96DE002EA6EA /* Build configuration list for PBXNativeTarget "GravarTocarAudioTests" */ = {
			isa = XCConfigurationList;
			buildConfigurations = (
				7CE5032E19EC96DE002EA6EA /* Debug */,
				7CE5032F19EC96DE002EA6EA /* Release */,
			);
			defaultConfigurationIsVisible = 0;
			defaultConfigurationName = Release;
		};
/* End XCConfigurationList section */
	};
	rootObject = 7CE502FF19EC96DD002EA6EA /* Project object */;
}
